
Microsoft Visual Studio Solution File, Format Version 12.00
# Visual Studio 15
VisualStudioVersion = 15.0.27004.2009
MinimumVisualStudioVersion = 10.0.40219.1
Project("{FAE04EC0-301F-11D3-BF4B-00C04F79EFBC}") = "Proiect_PAW_2016", "Proiect_PAW_2016\Proiect_PAW_2016.csproj", "{2529B497-A66E-4EB8-8230-BE9FB68E458E}"
EndProject
Global
	GlobalSection(SolutionConfigurationPlatforms) = preSolution
		Debug|Any CPU = Debug|Any CPU
		Release|Any CPU = Release|Any CPU
	EndGlobalSection
	GlobalSection(ProjectConfigurationPlatforms) = postSolution
		{2529B497-A66E-4EB8-8230-BE9FB68E458E}.Debug|Any CPU.ActiveCfg = Debug|Any CPU
		{2529B497-A66E-4EB8-8230-BE9FB68E458E}.Debug|Any CPU.Build.0 = Debug|Any CPU
		{2529B497-A66E-4EB8-8230-BE9FB68E458E}.Release|Any CPU.ActiveCfg = Release|Any CPU
		{2529B497-A66E-4EB8-8230-BE9FB68E458E}.Release|Any CPU.Build.0 = Release|Any CPU
	EndGlobalSection
	GlobalSection(SolutionProperties) = preSolution
		HideSolutionNode = FALSE
	EndGlobalSection
	GlobalSection(ExtensibilityGlobals) = postSolution
		SolutionGuid = {C411C1B4-C031-40C7-859F-BB5ADD210D55}
	EndGlobalSection
EndGlobal
